<?xml version="1.0" encoding="UTF-8" standalone="yes" ?>
<CodeBlocks_project_file>
	<FileVersion major="1" minor="6" />
	<Project>
		<Option title="_MiddleBox" />
		<Option pch_mode="2" />
		<Option compiler="gcc" />
		<Build>
			<Target title="Debug">
				<Option output="bin/Debug/_MiddleBox" prefix_auto="1" extension_auto="1" />
				<Option object_output="obj/Debug/" />
				<Option type="1" />
				<Option compiler="gcc" />
				<Compiler>
					<Add option="-g" />
					<Add option="-lpcap" />
					<Add directory="/home/fanquan/Desktop/boost_1_58_0" />
				</Compiler>
				<Linker>
					<Add library="pcap" />
					<Add library="ssl" />
					<Add library="pthread" />
					<Add library="crypto" />
				</Linker>
			</Target>
			<Target title="Release">
				<Option output="bin/Release/_MiddleBox" prefix_auto="1" extension_auto="1" />
				<Option object_output="obj/Release/" />
				<Option type="1" />
				<Option compiler="gcc" />
				<Compiler>
					<Add option="-O2" />
				</Compiler>
				<Linker>
					<Add option="-s" />
				</Linker>
			</Target>
		</Build>
		<Compiler>
			<Add option="-Wall" />
		</Compiler>
		<Unit filename="applayerhandler.cpp" />
		<Unit filename="applayerhandler.h" />
		<Unit filename="esphandler.cpp" />
		<Unit filename="esphandler.h" />
		<Unit filename="flowinfo.cpp" />
		<Unit filename="flowinfo.h" />
		<Unit filename="flowkey.cpp" />
		<Unit filename="flowkey.h" />
		<Unit filename="flowmgr.cpp" />
		<Unit filename="flowmgr.h" />
		<Unit filename="ip4hdr.cpp" />
		<Unit filename="ip4hdr.h" />
		<Unit filename="ip6hdr.cpp" />
		<Unit filename="ip6hdr.h" />
		<Unit filename="ipaddr.cpp" />
		<Unit filename="ipaddr.h" />
		<Unit filename="main.cpp" />
		<Unit filename="tcpdatastructure.h" />
		<Unit filename="tcphandler.cpp" />
		<Unit filename="tcphandler.h" />
		<Unit filename="tcphdr.cpp" />
		<Unit filename="tcphdr.h" />
		<Unit filename="tls.cpp" />
		<Unit filename="tls.h" />
		<Unit filename="tlshandler.cpp" />
		<Unit filename="tlshandler.h" />
		<Unit filename="udphdr.cpp" />
		<Unit filename="udphdr.h" />
		<Extensions>
			<code_completion />
			<debugger />
		</Extensions>
	</Project>
</CodeBlocks_project_file>
